
Microsoft Visual Studio Solution File, Format Version 12.00
# Visual Studio Version 16
VisualStudioVersion = 16.0.31605.320
MinimumVisualStudioVersion = 10.0.40219.1
Project("{9A19103F-16F7-4668-BE54-9A1E7A4F7556}") = "MicroEngineer", "MicroEngineer.csproj", "{2CD77478-E170-4D5C-91CA-0ABB24A30E5A}"
EndProject
Global
	GlobalSection(SolutionConfigurationPlatforms) = preSolution
		Debug|Any CPU = Debug|Any CPU
		Release|Any CPU = Release|Any CPU
	EndGlobalSection
	GlobalSection(ProjectConfigurationPlatforms) = postSolution
		{2CD77478-E170-4D5C-91CA-0ABB24A30E5A}.Debug|Any CPU.ActiveCfg = Debug|Any CPU
		{2CD77478-E170-4D5C-91CA-0ABB24A30E5A}.Debug|Any CPU.Build.0 = Debug|Any CPU
		{2CD77478-E170-4D5C-91CA-0ABB24A30E5A}.Release|Any CPU.ActiveCfg = Release|Any CPU
		{2CD77478-E170-4D5C-91CA-0ABB24A30E5A}.Release|Any CPU.Build.0 = Release|Any CPU
	EndGlobalSection
	GlobalSection(SolutionProperties) = preSolution
		HideSolutionNode = FALSE
	EndGlobalSection
	GlobalSection(ExtensibilityGlobals) = postSolution
		SolutionGuid = {89E381A2-B54B-4EAB-AA27-11EC4D2E543F}
	EndGlobalSection
EndGlobal
